
Microsoft Visual Studio Solution File, Format Version 12.00
# Visual Studio Version 17
VisualStudioVersion = 17.13.35806.99 d17.13
MinimumVisualStudioVersion = 10.0.40219.1
Project("{FAE04EC0-301F-11D3-BF4B-00C04F79EFBC}") = "WinFormsAppMaster", "WinFormsAppMaster.csproj", "{F84E6C21-3B3D-4AC7-89B3-13A44AB24463}"
EndProject
Global
	GlobalSection(SolutionConfigurationPlatforms) = preSolution
		Debug|Any CPU = Debug|Any CPU
		Release|Any CPU = Release|Any CPU
	EndGlobalSection
	GlobalSection(ProjectConfigurationPlatforms) = postSolution
		{F84E6C21-3B3D-4AC7-89B3-13A44AB24463}.Debug|Any CPU.ActiveCfg = Debug|Any CPU
		{F84E6C21-3B3D-4AC7-89B3-13A44AB24463}.Debug|Any CPU.Build.0 = Debug|Any CPU
		{F84E6C21-3B3D-4AC7-89B3-13A44AB24463}.Release|Any CPU.ActiveCfg = Release|Any CPU
		{F84E6C21-3B3D-4AC7-89B3-13A44AB24463}.Release|Any CPU.Build.0 = Release|Any CPU
	EndGlobalSection
	GlobalSection(SolutionProperties) = preSolution
		HideSolutionNode = FALSE
	EndGlobalSection
	GlobalSection(ExtensibilityGlobals) = postSolution
		SolutionGuid = {E5FB924D-A4BD-4E53-A8A7-C7DD31E7B31C}
	EndGlobalSection
EndGlobal
